# This file is generated by running "yarn install" inside your project.
# Manual changes might be lost - proceed with caution!

__metadata:
  version: 6
  cacheKey: 8

"@types/node@npm:^17.0.23":
  version: 17.0.24
  resolution: "@types/node@npm:17.0.24"
  checksum: 9e7c4f863601b2430b4c2429a89935f22eba692956f5013c90a4c7fb0e1401ed8add8c4307453c5d6b8b985384500f8c3f644427ab88632640cc396159af479a
  languageName: node
  linkType: hard

"axios@npm:^0.26.1":
  version: 0.26.1
  resolution: "axios@npm:0.26.1"
  dependencies:
    follow-redirects: ^1.14.8
  checksum: d9eb58ff4bc0b36a04783fc9ff760e9245c829a5a1052ee7ca6013410d427036b1d10d04e7380c02f3508c5eaf3485b1ae67bd2adbfec3683704745c8d7a6e1a
  languageName: node
  linkType: hard

"component-aggregator@workspace:.":
  version: 0.0.0-use.local
  resolution: "component-aggregator@workspace:."
  dependencies:
    "@types/node": ^17.0.23
    axios: ^0.26.1
  languageName: unknown
  linkType: soft

"follow-redirects@npm:^1.14.8":
  version: 1.14.9
  resolution: "follow-redirects@npm:1.14.9"
  peerDependenciesMeta:
    debug:
      optional: true
  checksum: f5982e0eb481818642492d3ca35a86989c98af1128b8e1a62911a3410621bc15d2b079e8170b35b19d3bdee770b73ed431a257ed86195af773771145baa57845
  languageName: node
  linkType: hard
